Microsoft Visual Studio Solution File, Format Version 11.00
# Visual Studio 2008

Project("{BC30A3A5-27B9-4A12-5594-346CBA81D7DE}") = "unity_rampup_1", "Assembly-CSharp.csproj", "{D3311616-CE88-5900-5E82-4AD91B0931A5}"
EndProject
Project("{BC30A3A5-27B9-4A12-5594-346CBA81D7DE}") = "unity_rampup_1", "Assembly-CSharp-Editor.csproj", "{934F5BFB-7648-4932-0AFD-1F4DA0D49BAA}"
EndProject
Global
	GlobalSection(SolutionConfigurationPlatforms) = preSolution
		Debug|Any CPU = Debug|Any CPU
		Release|Any CPU = Release|Any CPU
	EndGlobalSection
	GlobalSection(ProjectConfigurationPlatforms) = postSolution
		{D3311616-CE88-5900-5E82-4AD91B0931A5}.Debug|Any CPU.ActiveCfg = Debug|Any CPU
		{D3311616-CE88-5900-5E82-4AD91B0931A5}.Debug|Any CPU.Build.0 = Debug|Any CPU
		{D3311616-CE88-5900-5E82-4AD91B0931A5}.Release|Any CPU.ActiveCfg = Release|Any CPU
		{D3311616-CE88-5900-5E82-4AD91B0931A5}.Release|Any CPU.Build.0 = Release|Any CPU
		{934F5BFB-7648-4932-0AFD-1F4DA0D49BAA}.Debug|Any CPU.ActiveCfg = Debug|Any CPU
		{934F5BFB-7648-4932-0AFD-1F4DA0D49BAA}.Debug|Any CPU.Build.0 = Debug|Any CPU
		{934F5BFB-7648-4932-0AFD-1F4DA0D49BAA}.Release|Any CPU.ActiveCfg = Release|Any CPU
		{934F5BFB-7648-4932-0AFD-1F4DA0D49BAA}.Release|Any CPU.Build.0 = Release|Any CPU
	EndGlobalSection
	GlobalSection(SolutionProperties) = preSolution
		HideSolutionNode = FALSE
	EndGlobalSection
	GlobalSection(MonoDevelopProperties) = preSolution
		StartupItem = Assembly-CSharp.csproj
	EndGlobalSection
EndGlobal
